{
  "version": 1,
  "dependencies": {
    "net6.0": {
      "Aptacode.AppFramework": {
        "type": "Direct",
        "requested": "[1.0.33, )",
        "resolved": "1.0.33",
        "contentHash": "LAAn2DHFi2blxPMRcogujUqgvz5k5CGxvZj4cA6eq8SBNsqeO/g6VXXghGx1NOCVkarlwL9ovlWTWUG6Tsv3mg==",
        "dependencies": {
          "Aptacode.BlazorCanvas": "1.0.11",
          "Aptacode.CSharp.Common.Utilities": "1.0.0.30",
          "Aptacode.Geometry": "1.0.37",
          "Microsoft.AspNetCore.Components.Web": "5.0.2"
        }
      },
      "Aptacode.Geometry": {
        "type": "Direct",
        "requested": "[1.0.39, )",
        "resolved": "1.0.39",
        "contentHash": "Vl0TmykKeQ5lnGfkqIgE1WGTxiHb6uE5DXgxmE17x8xQx/lmzepwAwdfLyJdved77Hvoa4B7hRBLQp1z20mqkQ==",
        "dependencies": {
          "OptimizedPriorityQueue": "5.1.0",
          "System.Numerics.Vectors": "4.5.0"
        }
      },
      "Microsoft.AspNetCore.Components.WebAssembly": {
        "type": "Direct",
        "requested": "[6.0.2, )",
        "resolved": "6.0.2",
        "contentHash": "FM+ygVElZ6Eug5CNxYfmTSjXt/iU4EryMkNDtdCZwM9z6lPRUf2S3vfVJ79Io4Fzy05d+dnaw+6Zo3fz3s8s2w==",
        "dependencies": {
          "Microsoft.AspNetCore.Components.Web": "6.0.2",
          "Microsoft.Extensions.Configuration.Binder": "6.0.0",
          "Microsoft.Extensions.Configuration.Json": "6.0.0",
          "Microsoft.Extensions.Logging": "6.0.0",
          "Microsoft.JSInterop.WebAssembly": "6.0.2"
        }
      },
      "Microsoft.AspNetCore.Components.WebAssembly.DevServer": {
        "type": "Direct",
        "requested": "[6.0.2, )",
        "resolved": "6.0.2",
        "contentHash": "OrNG3NODvSbAzMmCINzpPHwc54130pP57ZXq9AZ5EENVMH328Mo0Rgddkvv5iizpzudUl6hOD4dct74WWLMjpQ=="
      },
      "System.Net.Http.Json": {
        "type": "Direct",
        "requested": "[6.0.0, )",
        "resolved": "6.0.0",
        "contentHash": "GbIV4y344kGOKjshAKCIDCMUTTW/hyUC42wV0Y5SXEdIbaKBIHBUxZ2MOe4/ZiV2svUAGfQ0c8LGtUExpOI8tg==",
        "dependencies": {
          "System.Text.Json": "6.0.0"
        }
      },
      "Aptacode.BlazorCanvas": {
        "type": "Transitive",
        "resolved": "1.0.11",
        "contentHash": "ld1aO5KXZQokhBHTkMO3zMR5JwZDA7FyIQ/jT1V+NYmsIn8NUCWmXulayXa2zGthCYqkBULlF0cGcrZrH/RJpg==",
        "dependencies": {
          "Microsoft.AspNetCore.Components.Web": "5.0.2"
        }
      },
      "Aptacode.CSharp.Common.Utilities": {
        "type": "Transitive",
        "resolved": "1.0.0.30",
        "contentHash": "s8GdIwpUPsVTrXthpPfO2p2Eke+PITZOqjvWa3siN2bIe5VQKMXHYEb/aV/aw2qiJDeOEXH/w3yW4fFVZVsm8A=="
      },
      "Microsoft.AspNetCore.Authorization": {
        "type": "Transitive",
        "resolved": "6.0.2",
        "contentHash": "AjwO1PjN75weiC0KzznybEZh5rr+VjH3c2wvuRT6Qmd8cv2+/6hBn/peelGkZUzYBY0l7QA22jwmjKKeeNYsIQ==",
        "dependencies": {
          "Microsoft.AspNetCore.Metadata": "6.0.2",
          "Microsoft.Extensions.Logging.Abstractions": "6.0.0",
          "Microsoft.Extensions.Options": "6.0.0"
        }
      },
      "Microsoft.AspNetCore.Components": {
        "type": "Transitive",
        "resolved": "6.0.2",
        "contentHash": "UXojpKtmaJkGRUzGgGY2LcmAqWaubEJ0ewEm/wmchn89hQPuqMG/Zm+Matl1pSMCDIbxuGegYzUs9zIqbS1VNA==",
        "dependencies": {
          "Microsoft.AspNetCore.Authorization": "6.0.2",
          "Microsoft.AspNetCore.Components.Analyzers": "6.0.2"
        }
      },
      "Microsoft.AspNetCore.Components.Analyzers": {
        "type": "Transitive",
        "resolved": "6.0.2",
        "contentHash": "jHMdjIrlqm1T6BqBzCpuMAdj1mSpmcEF0wNXIKh7xS6jKAdKOy8aWKTbFI022dW8ZgjC4UNpp9UTuMDVu9/T/w=="
      },
      "Microsoft.AspNetCore.Components.Forms": {
        "type": "Transitive",
        "resolved": "6.0.2",
        "contentHash": "8cABkvHPvBhwMVzOl3ZzVPafDk/ZcUoCA8I7a9jcndpFYNztqtN6IP7i1KSJYk4EYG5nSEf3v1d4F6ufmTKwSA==",
        "dependencies": {
          "Microsoft.AspNetCore.Components": "6.0.2"
        }
      },
      "Microsoft.AspNetCore.Components.Web": {
        "type": "Transitive",
        "resolved": "6.0.2",
        "contentHash": "xtQB9yaO7Yki9qHWx48Xuk1/t3cGeOtog+ObSn64rK7knLICd9NpKZa5cw/0ttqzxCo0QHwtk/KAhY9qu4RX7w==",
        "dependencies": {
          "Microsoft.AspNetCore.Components": "6.0.2",
          "Microsoft.AspNetCore.Components.Forms": "6.0.2",
          "Microsoft.Extensions.DependencyInjection": "6.0.0",
          "Microsoft.JSInterop": "6.0.2",
          "System.IO.Pipelines": "6.0.2"
        }
      },
      "Microsoft.AspNetCore.Metadata": {
        "type": "Transitive",
        "resolved": "6.0.2",
        "contentHash": "SE6xWyaY2n9LsfwNwppyqwVIRtS1RcYPaIFoqyTi8HA6l2Zze40lIvdTSTtDQC+EZpdDRmQY3CPQi9ZlCqOwTg=="
      },
      "Microsoft.Extensions.Configuration": {
        "type": "Transitive",
        "resolved": "6.0.0",
        "contentHash": "tq2wXyh3fL17EMF2bXgRhU7JrbO3on93MRKYxzz4JzzvuGSA1l0W3GI9/tl8EO89TH+KWEymP7bcFway6z9fXg==",
        "dependencies": {
          "Microsoft.Extensions.Configuration.Abstractions": "6.0.0",
          "Microsoft.Extensions.Primitives": "6.0.0"
        }
      },
      "Microsoft.Extensions.Configuration.Abstractions": {
        "type": "Transitive",
        "resolved": "6.0.0",
        "contentHash": "qWzV9o+ZRWq+pGm+1dF+R7qTgTYoXvbyowRoBxQJGfqTpqDun2eteerjRQhq5PQ/14S+lqto3Ft4gYaRyl4rdQ==",
        "dependencies": {
          "Microsoft.Extensions.Primitives": "6.0.0"
        }
      },
      "Microsoft.Extensions.Configuration.Binder": {
        "type": "Transitive",
        "resolved": "6.0.0",
        "contentHash": "b3ErKzND8LIC7o08QAVlKfaEIYEvLJbtmVbFZVBRXeu9YkKfSSzLZfR1SUfQPBIy9mKLhEtJgGYImkcMNaKE0A==",
        "dependencies": {
          "Microsoft.Extensions.Configuration.Abstractions": "6.0.0"
        }
      },
      "Microsoft.Extensions.Configuration.FileExtensions": {
        "type": "Transitive",
        "resolved": "6.0.0",
        "contentHash": "V4Dth2cYMZpw3HhGw9XUDIijpI6gN+22LDt0AhufIgOppCUfpWX4483OmN+dFXRJkJLc8Tv0Q8QK+1ingT2+KQ==",
        "dependencies": {
          "Microsoft.Extensions.Configuration": "6.0.0",
          "Microsoft.Extensions.Configuration.Abstractions": "6.0.0",
          "Microsoft.Extensions.FileProviders.Abstractions": "6.0.0",
          "Microsoft.Extensions.FileProviders.Physical": "6.0.0",
          "Microsoft.Extensions.Primitives": "6.0.0"
        }
      },
      "Microsoft.Extensions.Configuration.Json": {
        "type": "Transitive",
        "resolved": "6.0.0",
        "contentHash": "GJGery6QytCzS/BxJ96klgG9in3uH26KcUBbiVG/coNDXCRq6LGVVlUT4vXq34KPuM+R2av+LeYdX9h4IZOCUg==",
        "dependencies": {
          "Microsoft.Extensions.Configuration": "6.0.0",
          "Microsoft.Extensions.Configuration.Abstractions": "6.0.0",
          "Microsoft.Extensions.Configuration.FileExtensions": "6.0.0",
          "Microsoft.Extensions.FileProviders.Abstractions": "6.0.0",
          "System.Text.Json": "6.0.0"
        }
      },
      "Microsoft.Extensions.DependencyInjection": {
        "type": "Transitive",
        "resolved": "6.0.0",
        "contentHash": "k6PWQMuoBDGGHOQTtyois2u4AwyVcIwL2LaSLlTZQm2CYcJ1pxbt6jfAnpWmzENA/wfrYRI/X9DTLoUkE4AsLw==",
        "dependencies": {
          "Microsoft.Extensions.DependencyInjection.Abstractions": "6.0.0",
          "System.Runtime.CompilerServices.Unsafe": "6.0.0"
        }
      },
      "Microsoft.Extensions.DependencyInjection.Abstractions": {
        "type": "Transitive",
        "resolved": "6.0.0",
        "contentHash": "xlzi2IYREJH3/m6+lUrQlujzX8wDitm4QGnUu6kUXTQAWPuZY8i+ticFJbzfqaetLA6KR/rO6Ew/HuYD+bxifg=="
      },
      "Microsoft.Extensions.FileProviders.Abstractions": {
        "type": "Transitive",
        "resolved": "6.0.0",
        "contentHash": "0pd4/fho0gC12rQswaGQxbU34jOS1TPS8lZPpkFCH68ppQjHNHYle9iRuHeev1LhrJ94YPvzcRd8UmIuFk23Qw==",
        "dependencies": {
          "Microsoft.Extensions.Primitives": "6.0.0"
        }
      },
      "Microsoft.Extensions.FileProviders.Physical": {
        "type": "Transitive",
        "resolved": "6.0.0",
        "contentHash": "QvkL7l0nM8udt3gfyu0Vw8bbCXblxaKOl7c2oBfgGy4LCURRaL9XWZX1FWJrQc43oMokVneVxH38iz+bY1sbhg==",
        "dependencies": {
          "Microsoft.Extensions.FileProviders.Abstractions": "6.0.0",
          "Microsoft.Extensions.FileSystemGlobbing": "6.0.0",
          "Microsoft.Extensions.Primitives": "6.0.0"
        }
      },
      "Microsoft.Extensions.FileSystemGlobbing": {
        "type": "Transitive",
        "resolved": "6.0.0",
        "contentHash": "ip8jnL1aPiaPeKINCqaTEbvBFDmVx9dXQEBZ2HOBRXPD1eabGNqP/bKlsIcp7U2lGxiXd5xIhoFcmY8nM4Hdiw=="
      },
      "Microsoft.Extensions.Logging": {
        "type": "Transitive",
        "resolved": "6.0.0",
        "contentHash": "eIbyj40QDg1NDz0HBW0S5f3wrLVnKWnDJ/JtZ+yJDFnDj90VoPuoPmFkeaXrtu+0cKm5GRAwoDf+dBWXK0TUdg==",
        "dependencies": {
          "Microsoft.Extensions.DependencyInjection": "6.0.0",
          "Microsoft.Extensions.DependencyInjection.Abstractions": "6.0.0",
          "Microsoft.Extensions.Logging.Abstractions": "6.0.0",
          "Microsoft.Extensions.Options": "6.0.0",
          "System.Diagnostics.DiagnosticSource": "6.0.0"
        }
      },
      "Microsoft.Extensions.Logging.Abstractions": {
        "type": "Transitive",
        "resolved": "6.0.0",
        "contentHash": "/HggWBbTwy8TgebGSX5DBZ24ndhzi93sHUBDvP1IxbZD7FDokYzdAr6+vbWGjw2XAfR2EJ1sfKUotpjHnFWPxA=="
      },
      "Microsoft.Extensions.Options": {
        "type": "Transitive",
        "resolved": "6.0.0",
        "contentHash": "dzXN0+V1AyjOe2xcJ86Qbo233KHuLEY0njf/P2Kw8SfJU+d45HNS2ctJdnEnrWbM9Ye2eFgaC5Mj9otRMU6IsQ==",
        "dependencies": {
          "Microsoft.Extensions.DependencyInjection.Abstractions": "6.0.0",
          "Microsoft.Extensions.Primitives": "6.0.0"
        }
      },
      "Microsoft.Extensions.Primitives": {
        "type": "Transitive",
        "resolved": "6.0.0",
        "contentHash": "9+PnzmQFfEFNR9J2aDTfJGGupShHjOuGw4VUv+JB044biSHrnmCIMD+mJHmb2H7YryrfBEXDurxQ47gJZdCKNQ==",
        "dependencies": {
          "System.Runtime.CompilerServices.Unsafe": "6.0.0"
        }
      },
      "Microsoft.JSInterop": {
        "type": "Transitive",
        "resolved": "6.0.2",
        "contentHash": "0Fg5C5U+XNS5Mb5jYojUGaCDjQqV5IuzyETXt+9NA0QXRgedbm0uYjNpjbIOcOroPSIgo1E3VIg0EDNtE2CuYQ=="
      },
      "Microsoft.JSInterop.WebAssembly": {
        "type": "Transitive",
        "resolved": "6.0.2",
        "contentHash": "nQTIFfWEi25/yOVz/KMelUiUSltZAczXLh3yusk9g9w92+RxV5xrIJ651+1SaXOL2ywinWqvwZ6rT39ibAZ2QQ==",
        "dependencies": {
          "Microsoft.JSInterop": "6.0.2"
        }
      },
      "OptimizedPriorityQueue": {
        "type": "Transitive",
        "resolved": "5.1.0",
        "contentHash": "0AnX6kAs0GiLrSqrHKe5mpQhJSHTmXeqLNucV2CxGATP/I9UzLMc1N4MtS/z8qB6mcgX61OjHdY3YbOmETGs+A=="
      },
      "System.Diagnostics.DiagnosticSource": {
        "type": "Transitive",
        "resolved": "6.0.0",
        "contentHash": "frQDfv0rl209cKm1lnwTgFPzNigy2EKk1BS3uAvHvlBVKe5cymGyHO+Sj+NLv5VF/AhHsqPIUUwya5oV4CHMUw==",
        "dependencies": {
          "System.Runtime.CompilerServices.Unsafe": "6.0.0"
        }
      },
      "System.IO.Pipelines": {
        "type": "Transitive",
        "resolved": "6.0.2",
        "contentHash": "cb5OfQjnz+zjpJJei+f3QYK7+wWZrDdNHf3DykO6QCacpNZ80tuNgq1DC2kqlrjfEu+cMUTvulxPIrCMbBkjqg=="
      },
      "System.Numerics.Vectors": {
        "type": "Transitive",
        "resolved": "4.5.0",
        "contentHash": "QQTlPTl06J/iiDbJCiepZ4H//BVraReU4O4EoRw1U02H5TLUIT7xn3GnDp9AXPSlJUDyFs4uWjWafNX6WrAojQ=="
      },
      "System.Runtime.CompilerServices.Unsafe": {
        "type": "Transitive",
        "resolved": "6.0.0",
        "contentHash": "/iUeP3tq1S0XdNNoMz5C9twLSrM/TH+qElHkXWaPvuNOt+99G75NrV0OS2EqHx5wMN7popYjpc8oTjC1y16DLg=="
      },
      "System.Text.Encodings.Web": {
        "type": "Transitive",
        "resolved": "6.0.0",
        "contentHash": "Vg8eB5Tawm1IFqj4TVK1czJX89rhFxJo9ELqc/Eiq0eXy13RK00eubyU6TJE6y+GQXjyV5gSfiewDUZjQgSE0w==",
        "dependencies": {
          "System.Runtime.CompilerServices.Unsafe": "6.0.0"
        }
      },
      "System.Text.Json": {
        "type": "Transitive",
        "resolved": "6.0.0",
        "contentHash": "zaJsHfESQvJ11vbXnNlkrR46IaMULk/gHxYsJphzSF+07kTjPHv+Oc14w6QEOfo3Q4hqLJgStUaYB9DBl0TmWg==",
        "dependencies": {
          "System.Runtime.CompilerServices.Unsafe": "6.0.0",
          "System.Text.Encodings.Web": "6.0.0"
        }
      },
      "System.ValueTuple": {
        "type": "Transitive",
        "resolved": "4.5.0",
        "contentHash": "okurQJO6NRE/apDIP23ajJ0hpiNmJ+f0BwOlB/cSqTLQlw5upkf+5+96+iG2Jw40G1fCVCyPz/FhIABUjMR+RQ=="
      },
      "Aptacode.PathFinder": {
        "type": "Project",
        "dependencies": {
          "Aptacode.AppFramework": "1.0.33",
          "Aptacode.Geometry": "1.0.39",
          "OptimizedPriorityQueue": "5.1.0",
          "System.Numerics.Vectors": "4.5.0",
          "System.ValueTuple": "4.5.0"
        }
      }
    },
    "net6.0/browser-wasm": {
      "System.Text.Encodings.Web": {
        "type": "Transitive",
        "resolved": "6.0.0",
        "contentHash": "Vg8eB5Tawm1IFqj4TVK1czJX89rhFxJo9ELqc/Eiq0eXy13RK00eubyU6TJE6y+GQXjyV5gSfiewDUZjQgSE0w==",
        "dependencies": {
          "System.Runtime.CompilerServices.Unsafe": "6.0.0"
        }
      }
    }
  }
}