{
  "version": 1,
  "dependencies": {
    ".NETCoreApp,Version=v5.0": {
      "Aptacode.Geometry": {
        "type": "Direct",
        "requested": "[1.0.10, )",
        "resolved": "1.0.10",
        "contentHash": "7oZmX4jrYXR1GCTg+ur0DTKQO7HGyEy6BkcFiFB0/L7L+c88d/81/WybaGpaF+n2GSnD01sFW3XZtpDbrAVAUg==",
        "dependencies": {
          "System.Numerics.Vectors": "4.5.0"
        }
      },
      "Aptacode.Geometry.Blazor": {
        "type": "Direct",
        "requested": "[1.0.10, )",
        "resolved": "1.0.10",
        "contentHash": "PmbvxfK+mTlYdusazQZ703sfbmGrQPJO6IALajMcWX0/5w7+oxJSA35Qy3qKetvzxjE7ZhRrVrkLmcUoHqefFA==",
        "dependencies": {
          "Aptacode.BlazorCanvas": "1.0.7",
          "Aptacode.CSharp.Common.Utilities": "1.0.0.30",
          "Aptacode.Geometry": "1.0.10",
          "Microsoft.AspNetCore.Components.Web": "5.0.1"
        }
      },
      "SixLabors.ImageSharp": {
        "type": "Direct",
        "requested": "[1.0.2, )",
        "resolved": "1.0.2",
        "contentHash": "iZJ37Iss3pUkFl961x1aka85QuvgY9oNZabHijzVnHs4QTz6EMNx3zjJDyvK/0+Ryj6JPv/PC7GVIJXLHtu2nQ=="
      },
      "SixLabors.ImageSharp.Drawing": {
        "type": "Direct",
        "requested": "[1.0.0-beta11, )",
        "resolved": "1.0.0-beta11",
        "contentHash": "7hie+jpcOJKezfWo4TW+6WwVlErzwsD80ewWxYumJJNkJtWOo0MZA5b6Z3kUKs8Xpq17N+HzuvMq/Pu+WINFdg==",
        "dependencies": {
          "SixLabors.Fonts": "1.0.0-beta0013",
          "SixLabors.ImageSharp": "1.0.2"
        }
      },
      "Aptacode.BlazorCanvas": {
        "type": "Transitive",
        "resolved": "1.0.7",
        "contentHash": "62FwNOMGPWExTA1/GMoqZHNTPVPxf5QNSGPf3i6fJi+FWdUC03CGMjnlz2UgoBvlSrq0mQyS3vwFnVj+bBVc5A==",
        "dependencies": {
          "Microsoft.AspNetCore.Components.Web": "5.0.1"
        }
      },
      "Aptacode.CSharp.Common.Utilities": {
        "type": "Transitive",
        "resolved": "1.0.0.30",
        "contentHash": "s8GdIwpUPsVTrXthpPfO2p2Eke+PITZOqjvWa3siN2bIe5VQKMXHYEb/aV/aw2qiJDeOEXH/w3yW4fFVZVsm8A=="
      },
      "Microsoft.AspNetCore.Authorization": {
        "type": "Transitive",
        "resolved": "5.0.1",
        "contentHash": "uqElO13Qq+t9BNkJWqtja3uSkFhbQ5Rej1MiJw6FOF1r77w9szQzuo75u2ddUnZUWUS2shKW9LpuKOnGuMxHGA==",
        "dependencies": {
          "Microsoft.AspNetCore.Metadata": "5.0.1",
          "Microsoft.Extensions.Logging.Abstractions": "5.0.0",
          "Microsoft.Extensions.Options": "5.0.0"
        }
      },
      "Microsoft.AspNetCore.Components": {
        "type": "Transitive",
        "resolved": "5.0.1",
        "contentHash": "wKzIbnqOHlca2eNKhbvR+myhZR4BdV6ln0B8V4sBgrS+s4YHKH3vlFQFd3ADLlekLVM14u/Va5/jrZKelfxzCQ==",
        "dependencies": {
          "Microsoft.AspNetCore.Authorization": "5.0.1",
          "Microsoft.AspNetCore.Components.Analyzers": "5.0.1"
        }
      },
      "Microsoft.AspNetCore.Components.Analyzers": {
        "type": "Transitive",
        "resolved": "5.0.1",
        "contentHash": "cNlDQfxgH+YVLI24KvEKxT7uJ5KRGCpuGr/iif7ib12+7RF7Z1huOOklRcxfKG3m5qVkZZ2/Bl3JadCLN/5XhA=="
      },
      "Microsoft.AspNetCore.Components.Forms": {
        "type": "Transitive",
        "resolved": "5.0.1",
        "contentHash": "V53j58uowxM/ksCGG1L9EKb5E2sTy1BFrfGdQmrxfjqZof5OwZujXF5eepnEb/OSPyYkRc8HS8DPzxvxGZbvwg==",
        "dependencies": {
          "Microsoft.AspNetCore.Components": "5.0.1"
        }
      },
      "Microsoft.AspNetCore.Components.Web": {
        "type": "Transitive",
        "resolved": "5.0.1",
        "contentHash": "V6xFfvYBEpHdKGrLJL9Dk3tRkV3Fke1rMOQ9j24gwKTU+kRNlLgbnPmJLDpFfJ5TcXAhX8VYMhFHlMWZgR0/hA==",
        "dependencies": {
          "Microsoft.AspNetCore.Components": "5.0.1",
          "Microsoft.AspNetCore.Components.Forms": "5.0.1",
          "Microsoft.Extensions.DependencyInjection": "5.0.1",
          "Microsoft.JSInterop": "5.0.1",
          "System.IO.Pipelines": "5.0.1"
        }
      },
      "Microsoft.AspNetCore.Metadata": {
        "type": "Transitive",
        "resolved": "5.0.1",
        "contentHash": "7IQHvkskzVn3S7kzboT0CMptRuSep49+sWbvYcZ3u4fiVFvrZEsOxQPCCZ8Tt6RZqHQmtoS77h9GY76j3hkjCw=="
      },
      "Microsoft.Extensions.DependencyInjection": {
        "type": "Transitive",
        "resolved": "5.0.1",
        "contentHash": "//mDNrYeiJ0eh/awFhDFJQzkRVra/njU5Y4fyK7X29g5HScrzbUkKOKlyTtygthcGFt4zNC8G5CFCjb/oizomA==",
        "dependencies": {
          "Microsoft.Extensions.DependencyInjection.Abstractions": "5.0.0"
        }
      },
      "Microsoft.Extensions.DependencyInjection.Abstractions": {
        "type": "Transitive",
        "resolved": "5.0.0",
        "contentHash": "ORj7Zh81gC69TyvmcUm9tSzytcy8AVousi+IVRAI8nLieQjOFryRusSFh7+aLk16FN9pQNqJAiMd7BTKINK0kA=="
      },
      "Microsoft.Extensions.Logging.Abstractions": {
        "type": "Transitive",
        "resolved": "5.0.0",
        "contentHash": "NxP6ahFcBnnSfwNBi2KH2Oz8Xl5Sm2krjId/jRR3I7teFphwiUoUeZPwTNA21EX+5PtjqmyAvKaOeBXcJjcH/w=="
      },
      "Microsoft.Extensions.Options": {
        "type": "Transitive",
        "resolved": "5.0.0",
        "contentHash": "CBvR92TCJ5uBIdd9/HzDSrxYak+0W/3+yxrNg8Qm6Bmrkh5L+nu6m3WeazQehcZ5q1/6dDA7J5YdQjim0165zg==",
        "dependencies": {
          "Microsoft.Extensions.DependencyInjection.Abstractions": "5.0.0",
          "Microsoft.Extensions.Primitives": "5.0.0"
        }
      },
      "Microsoft.Extensions.Primitives": {
        "type": "Transitive",
        "resolved": "5.0.0",
        "contentHash": "cI/VWn9G1fghXrNDagX9nYaaB/nokkZn0HYAawGaELQrl8InSezfe9OnfPZLcJq3esXxygh3hkq2c3qoV3SDyQ=="
      },
      "Microsoft.JSInterop": {
        "type": "Transitive",
        "resolved": "5.0.1",
        "contentHash": "5IaWDj9izG3Kfd/mckiTDzUGt7d+Tl4QFtsjlG0Wr0b2D0nlMoW+rZ76BB1ovC/oFo84JLxMIeVIQv7BkbzJIA=="
      },
      "SixLabors.Fonts": {
        "type": "Transitive",
        "resolved": "1.0.0-beta0013",
        "contentHash": "NaD8R8GdHqnPP/3GUI6IbJNt3EHjU05CIJw/1gz11NoUBaePhtgDogG1XFguR2nSoXofGJ35W+TgW1ZTVp5W1Q==",
        "dependencies": {
          "System.Numerics.Vectors": "4.5.0",
          "System.Runtime.CompilerServices.Unsafe": "4.7.0"
        }
      },
      "System.IO.Pipelines": {
        "type": "Transitive",
        "resolved": "5.0.1",
        "contentHash": "qEePWsaq9LoEEIqhbGe6D5J8c9IqQOUuTzzV6wn1POlfdLkJliZY3OlB0j0f17uMWlqZYjH7txj+2YbyrIA8Yg=="
      },
      "System.Numerics.Vectors": {
        "type": "Transitive",
        "resolved": "4.5.0",
        "contentHash": "QQTlPTl06J/iiDbJCiepZ4H//BVraReU4O4EoRw1U02H5TLUIT7xn3GnDp9AXPSlJUDyFs4uWjWafNX6WrAojQ=="
      },
      "System.Runtime.CompilerServices.Unsafe": {
        "type": "Transitive",
        "resolved": "4.7.0",
        "contentHash": "IpU1lcHz8/09yDr9N+Juc7SCgNUz+RohkCQI+KsWKR67XxpFr8Z6c8t1iENCXZuRuNCc4HBwme/MDHNVCwyAKg=="
      },
      "System.ValueTuple": {
        "type": "Transitive",
        "resolved": "4.5.0",
        "contentHash": "okurQJO6NRE/apDIP23ajJ0hpiNmJ+f0BwOlB/cSqTLQlw5upkf+5+96+iG2Jw40G1fCVCyPz/FhIABUjMR+RQ=="
      },
      "Aptacode.PathFinder": {
        "type": "Project",
        "dependencies": {
          "Aptacode.Geometry": "1.0.10",
          "Aptacode.Geometry.Blazor": "1.0.10",
          "System.Numerics.Vectors": "4.5.0",
          "System.ValueTuple": "4.5.0"
        }
      }
    }
  }
}