{
  "version": 1,
  "dependencies": {
    ".NETCoreApp,Version=v5.0": {
      "Aptacode.AppFramework": {
        "type": "Direct",
        "requested": "[1.0.11, )",
        "resolved": "1.0.11",
        "contentHash": "BWXt5TkhgEsq/A64rMvOQRQklZRuP7oOgJUtHzFp7EGLqrlN3i4xcRFbfW6LAe6w+8M81iA6Iz6x+rRHlFEWTw==",
        "dependencies": {
          "Aptacode.BlazorCanvas": "1.0.7",
          "Aptacode.CSharp.Common.Utilities": "1.0.0.30",
          "Aptacode.Geometry": "1.0.19",
          "Microsoft.AspNetCore.Components.Web": "5.0.2"
        }
      },
      "Aptacode.Geometry": {
        "type": "Direct",
        "requested": "[1.0.19, )",
        "resolved": "1.0.19",
        "contentHash": "YPE6Esp75++ernuIFdRpcu9EqbyHHXEf2EdnpRr9uYikhPe0P8TCpi/OH94YsLsnxpTSq+jLcDxbU+J6MwNvVw==",
        "dependencies": {
          "System.Numerics.Vectors": "4.5.0"
        }
      },
      "SixLabors.ImageSharp": {
        "type": "Direct",
        "requested": "[1.0.2, )",
        "resolved": "1.0.2",
        "contentHash": "iZJ37Iss3pUkFl961x1aka85QuvgY9oNZabHijzVnHs4QTz6EMNx3zjJDyvK/0+Ryj6JPv/PC7GVIJXLHtu2nQ=="
      },
      "SixLabors.ImageSharp.Drawing": {
        "type": "Direct",
        "requested": "[1.0.0-beta11, )",
        "resolved": "1.0.0-beta11",
        "contentHash": "7hie+jpcOJKezfWo4TW+6WwVlErzwsD80ewWxYumJJNkJtWOo0MZA5b6Z3kUKs8Xpq17N+HzuvMq/Pu+WINFdg==",
        "dependencies": {
          "SixLabors.Fonts": "1.0.0-beta0013",
          "SixLabors.ImageSharp": "1.0.2"
        }
      },
      "Aptacode.BlazorCanvas": {
        "type": "Transitive",
        "resolved": "1.0.7",
        "contentHash": "nyB4Hd3YzDkrfwDWret7o8Np6gXwZLKiDBf8dATcR4zgMo7nL8eXsi2mFjfmUPDmekqMXxtIPn5BUjPR8z69dA==",
        "dependencies": {
          "Microsoft.AspNetCore.Components.Web": "5.0.1"
        }
      },
      "Aptacode.CSharp.Common.Utilities": {
        "type": "Transitive",
        "resolved": "1.0.0.30",
        "contentHash": "s8GdIwpUPsVTrXthpPfO2p2Eke+PITZOqjvWa3siN2bIe5VQKMXHYEb/aV/aw2qiJDeOEXH/w3yW4fFVZVsm8A=="
      },
      "Microsoft.AspNetCore.Authorization": {
        "type": "Transitive",
        "resolved": "5.0.2",
        "contentHash": "yNRS94no3W9npaoy0tmrHu0XXgWKlKkNwx6/M4lti5EZthWg0LjRKj2BhXzZaT1y3R+CdGJg7Eh+n9dbpOvG7Q==",
        "dependencies": {
          "Microsoft.AspNetCore.Metadata": "5.0.2",
          "Microsoft.Extensions.Logging.Abstractions": "5.0.0",
          "Microsoft.Extensions.Options": "5.0.0"
        }
      },
      "Microsoft.AspNetCore.Components": {
        "type": "Transitive",
        "resolved": "5.0.2",
        "contentHash": "EbBz1HL0iRPPbKLGP++iLRXkyCKBkv27jKJFbxOxK8W55YNj83/Ulg7qctqhc5p4da/jA8nVVwdVy4zhVXy3gQ==",
        "dependencies": {
          "Microsoft.AspNetCore.Authorization": "5.0.2",
          "Microsoft.AspNetCore.Components.Analyzers": "5.0.2"
        }
      },
      "Microsoft.AspNetCore.Components.Analyzers": {
        "type": "Transitive",
        "resolved": "5.0.2",
        "contentHash": "ExSftmxt3fvMiwCUMwpU1+ooEcsDNxn/f6299oiWyaMb+jmbdh0YMisUAMNqWNLvFNyq0xi2p/5O1xy8orhbWA=="
      },
      "Microsoft.AspNetCore.Components.Forms": {
        "type": "Transitive",
        "resolved": "5.0.2",
        "contentHash": "fIeEfyL2xMcedNnRhEFLxyb5xF9gQ3FFpvJDVtfofcHNY7ezLuNaWgKnxnGRJlY3L7yl+++xjL1YFMTDqlAH4g==",
        "dependencies": {
          "Microsoft.AspNetCore.Components": "5.0.2"
        }
      },
      "Microsoft.AspNetCore.Components.Web": {
        "type": "Transitive",
        "resolved": "5.0.2",
        "contentHash": "7A7BJHAFK3SK/qUACdCHLgA6hJ1YKvZQjh3qD5aBI4+u6F6Una8awdE9A1FJxizxKsclpsixK6cdUtZgMNnQmA==",
        "dependencies": {
          "Microsoft.AspNetCore.Components": "5.0.2",
          "Microsoft.AspNetCore.Components.Forms": "5.0.2",
          "Microsoft.Extensions.DependencyInjection": "5.0.1",
          "Microsoft.JSInterop": "5.0.2",
          "System.IO.Pipelines": "5.0.1"
        }
      },
      "Microsoft.AspNetCore.Metadata": {
        "type": "Transitive",
        "resolved": "5.0.2",
        "contentHash": "zi0jWOO1QCv20IC6t1FrW6oaeLZrjb9x0i5ryxhaIB0gih8n1l5b9JXE25LlaZKWyd7iE/dyKezlNDdvVYb8QQ=="
      },
      "Microsoft.Extensions.DependencyInjection": {
        "type": "Transitive",
        "resolved": "5.0.1",
        "contentHash": "//mDNrYeiJ0eh/awFhDFJQzkRVra/njU5Y4fyK7X29g5HScrzbUkKOKlyTtygthcGFt4zNC8G5CFCjb/oizomA==",
        "dependencies": {
          "Microsoft.Extensions.DependencyInjection.Abstractions": "5.0.0"
        }
      },
      "Microsoft.Extensions.DependencyInjection.Abstractions": {
        "type": "Transitive",
        "resolved": "5.0.0",
        "contentHash": "ORj7Zh81gC69TyvmcUm9tSzytcy8AVousi+IVRAI8nLieQjOFryRusSFh7+aLk16FN9pQNqJAiMd7BTKINK0kA=="
      },
      "Microsoft.Extensions.Logging.Abstractions": {
        "type": "Transitive",
        "resolved": "5.0.0",
        "contentHash": "NxP6ahFcBnnSfwNBi2KH2Oz8Xl5Sm2krjId/jRR3I7teFphwiUoUeZPwTNA21EX+5PtjqmyAvKaOeBXcJjcH/w=="
      },
      "Microsoft.Extensions.Options": {
        "type": "Transitive",
        "resolved": "5.0.0",
        "contentHash": "CBvR92TCJ5uBIdd9/HzDSrxYak+0W/3+yxrNg8Qm6Bmrkh5L+nu6m3WeazQehcZ5q1/6dDA7J5YdQjim0165zg==",
        "dependencies": {
          "Microsoft.Extensions.DependencyInjection.Abstractions": "5.0.0",
          "Microsoft.Extensions.Primitives": "5.0.0"
        }
      },
      "Microsoft.Extensions.Primitives": {
        "type": "Transitive",
        "resolved": "5.0.0",
        "contentHash": "cI/VWn9G1fghXrNDagX9nYaaB/nokkZn0HYAawGaELQrl8InSezfe9OnfPZLcJq3esXxygh3hkq2c3qoV3SDyQ=="
      },
      "Microsoft.JSInterop": {
        "type": "Transitive",
        "resolved": "5.0.2",
        "contentHash": "OGQho7CauR1C6D6rrPZW6LJ0B5mWULLr6X1qN+L2CIIl5ZAQp96c7YfNvfhlvKxxX5/Ip/thuY4XaqtBziP3ew=="
      },
      "OptimizedPriorityQueue": {
        "type": "Transitive",
        "resolved": "5.0.0",
        "contentHash": "P697wMak7fu1b+dbulF7lUbitE3s459oQlYSLA+1HPibItPF6chE9639D42P+BV3c5JNQ4FxdB+w0pMP4+nyjw=="
      },
      "SixLabors.Fonts": {
        "type": "Transitive",
        "resolved": "1.0.0-beta0013",
        "contentHash": "NaD8R8GdHqnPP/3GUI6IbJNt3EHjU05CIJw/1gz11NoUBaePhtgDogG1XFguR2nSoXofGJ35W+TgW1ZTVp5W1Q==",
        "dependencies": {
          "System.Numerics.Vectors": "4.5.0",
          "System.Runtime.CompilerServices.Unsafe": "4.7.0"
        }
      },
      "System.IO.Pipelines": {
        "type": "Transitive",
        "resolved": "5.0.1",
        "contentHash": "qEePWsaq9LoEEIqhbGe6D5J8c9IqQOUuTzzV6wn1POlfdLkJliZY3OlB0j0f17uMWlqZYjH7txj+2YbyrIA8Yg=="
      },
      "System.Numerics.Vectors": {
        "type": "Transitive",
        "resolved": "4.5.0",
        "contentHash": "QQTlPTl06J/iiDbJCiepZ4H//BVraReU4O4EoRw1U02H5TLUIT7xn3GnDp9AXPSlJUDyFs4uWjWafNX6WrAojQ=="
      },
      "System.Runtime.CompilerServices.Unsafe": {
        "type": "Transitive",
        "resolved": "4.7.0",
        "contentHash": "IpU1lcHz8/09yDr9N+Juc7SCgNUz+RohkCQI+KsWKR67XxpFr8Z6c8t1iENCXZuRuNCc4HBwme/MDHNVCwyAKg=="
      },
      "System.ValueTuple": {
        "type": "Transitive",
        "resolved": "4.5.0",
        "contentHash": "okurQJO6NRE/apDIP23ajJ0hpiNmJ+f0BwOlB/cSqTLQlw5upkf+5+96+iG2Jw40G1fCVCyPz/FhIABUjMR+RQ=="
      },
      "Aptacode.PathFinder": {
        "type": "Project",
        "dependencies": {
          "Aptacode.AppFramework": "1.0.11",
          "Aptacode.Geometry": "1.0.19",
          "OptimizedPriorityQueue": "5.0.0",
          "System.Numerics.Vectors": "4.5.0",
          "System.ValueTuple": "4.5.0"
        }
      }
    }
  }
}