{
  "version": 1,
  "dependencies": {
    ".NETCoreApp,Version=v5.0": {
      "System.Numerics.Vectors": {
        "type": "Transitive",
        "resolved": "4.5.0",
        "contentHash": "QQTlPTl06J/iiDbJCiepZ4H//BVraReU4O4EoRw1U02H5TLUIT7xn3GnDp9AXPSlJUDyFs4uWjWafNX6WrAojQ=="
      },
      "System.ValueTuple": {
        "type": "Transitive",
        "resolved": "4.5.0",
        "contentHash": "okurQJO6NRE/apDIP23ajJ0hpiNmJ+f0BwOlB/cSqTLQlw5upkf+5+96+iG2Jw40G1fCVCyPz/FhIABUjMR+RQ=="
      },
      "Aptacode.PathFinder": {
        "type": "Project",
        "dependencies": {
          "System.Numerics.Vectors": "4.5.0",
          "System.ValueTuple": "4.5.0"
        }
      }
    }
  }
}