{
  "version": 1,
  "dependencies": {
    ".NETCoreApp,Version=v5.0": {
      "Aptacode.Geometry": {
        "type": "Direct",
        "requested": "[1.0.1.12, )",
        "resolved": "1.0.1.12",
        "contentHash": "+rSDvLBxnQS6GTq9njmtEdaDh6YOo7DBMEYAWQdUTf3EmiTseYIWPj1XqVqUsRzTDIX4bicOrPiMudodFWApVw==",
        "dependencies": {
          "System.Numerics.Vectors": "4.5.0"
        }
      },
      "System.Numerics.Vectors": {
        "type": "Direct",
        "requested": "[4.5.0, )",
        "resolved": "4.5.0",
        "contentHash": "QQTlPTl06J/iiDbJCiepZ4H//BVraReU4O4EoRw1U02H5TLUIT7xn3GnDp9AXPSlJUDyFs4uWjWafNX6WrAojQ=="
      },
      "System.ValueTuple": {
        "type": "Direct",
        "requested": "[4.5.0, )",
        "resolved": "4.5.0",
        "contentHash": "okurQJO6NRE/apDIP23ajJ0hpiNmJ+f0BwOlB/cSqTLQlw5upkf+5+96+iG2Jw40G1fCVCyPz/FhIABUjMR+RQ=="
      }
    }
  }
}